
Microsoft Visual Studio Solution File, Format Version 12.00
# Visual Studio Version 17
VisualStudioVersion = 17.9.34728.123
MinimumVisualStudioVersion = 10.0.40219.1
Project("{9A19103F-16F7-4668-BE54-9A1E7A4F7556}") = "task4", "task4\task4.csproj", "{57725FAF-DE55-40A5-AB01-8C0B4D2544D7}"
	ProjectSection(ProjectDependencies) = postProject
		{2B84ED98-3EA1-48DF-84E7-1F17735ADB5D} = {2B84ED98-3EA1-48DF-84E7-1F17735ADB5D}
	EndProjectSection
EndProject
Project("{FAE04EC0-301F-11D3-BF4B-00C04F79EFBC}") = "task4.Data", "task4.Data\task4.Data.csproj", "{2B84ED98-3EA1-48DF-84E7-1F17735ADB5D}"
EndProject
Global
	GlobalSection(SolutionConfigurationPlatforms) = preSolution
		Debug|Any CPU = Debug|Any CPU
		Release|Any CPU = Release|Any CPU
	EndGlobalSection
	GlobalSection(ProjectConfigurationPlatforms) = postSolution
		{57725FAF-DE55-40A5-AB01-8C0B4D2544D7}.Debug|Any CPU.ActiveCfg = Debug|Any CPU
		{57725FAF-DE55-40A5-AB01-8C0B4D2544D7}.Debug|Any CPU.Build.0 = Debug|Any CPU
		{57725FAF-DE55-40A5-AB01-8C0B4D2544D7}.Release|Any CPU.ActiveCfg = Release|Any CPU
		{57725FAF-DE55-40A5-AB01-8C0B4D2544D7}.Release|Any CPU.Build.0 = Release|Any CPU
		{2B84ED98-3EA1-48DF-84E7-1F17735ADB5D}.Debug|Any CPU.ActiveCfg = Debug|Any CPU
		{2B84ED98-3EA1-48DF-84E7-1F17735ADB5D}.Debug|Any CPU.Build.0 = Debug|Any CPU
		{2B84ED98-3EA1-48DF-84E7-1F17735ADB5D}.Release|Any CPU.ActiveCfg = Release|Any CPU
		{2B84ED98-3EA1-48DF-84E7-1F17735ADB5D}.Release|Any CPU.Build.0 = Release|Any CPU
	EndGlobalSection
	GlobalSection(SolutionProperties) = preSolution
		HideSolutionNode = FALSE
	EndGlobalSection
	GlobalSection(ExtensibilityGlobals) = postSolution
		SolutionGuid = {4176EA9E-2A80-478F-B252-03E9A3E464DD}
	EndGlobalSection
EndGlobal
